
Microsoft Visual Studio Solution File, Format Version 12.00
# Visual Studio Version 16
VisualStudioVersion = 16.0.30114.105
MinimumVisualStudioVersion = 10.0.40219.1
Project("{2150E333-8FDC-42A3-9474-1A3956D46DE8}") = "src", "src", "{BB31E2EB-7BE6-4A5A-AB87-942C24557D4B}"
EndProject
Project("{FAE04EC0-301F-11D3-BF4B-00C04F79EFBC}") = "YoloDev.Sdk", "src\YoloDev.Sdk\YoloDev.Sdk.csproj", "{79D6C8DA-F3DA-4319-9E25-04A14DEC3A50}"
EndProject
Project("{FAE04EC0-301F-11D3-BF4B-00C04F79EFBC}") = "YoloDev.Sdk.RoslynAnalyzer", "src\YoloDev.Sdk.RoslynAnalyzer\YoloDev.Sdk.RoslynAnalyzer.csproj", "{A98B8D56-0867-4902-84BF-A25A38056F12}"
EndProject
Global
	GlobalSection(SolutionConfigurationPlatforms) = preSolution
		Debug|Any CPU = Debug|Any CPU
		Debug|x64 = Debug|x64
		Debug|x86 = Debug|x86
		Release|Any CPU = Release|Any CPU
		Release|x64 = Release|x64
		Release|x86 = Release|x86
	EndGlobalSection
	GlobalSection(SolutionProperties) = preSolution
		HideSolutionNode = FALSE
	EndGlobalSection
	GlobalSection(ProjectConfigurationPlatforms) = postSolution
		{79D6C8DA-F3DA-4319-9E25-04A14DEC3A50}.Debug|Any CPU.ActiveCfg = Debug|Any CPU
		{79D6C8DA-F3DA-4319-9E25-04A14DEC3A50}.Debug|Any CPU.Build.0 = Debug|Any CPU
		{79D6C8DA-F3DA-4319-9E25-04A14DEC3A50}.Debug|x64.ActiveCfg = Debug|Any CPU
		{79D6C8DA-F3DA-4319-9E25-04A14DEC3A50}.Debug|x64.Build.0 = Debug|Any CPU
		{79D6C8DA-F3DA-4319-9E25-04A14DEC3A50}.Debug|x86.ActiveCfg = Debug|Any CPU
		{79D6C8DA-F3DA-4319-9E25-04A14DEC3A50}.Debug|x86.Build.0 = Debug|Any CPU
		{79D6C8DA-F3DA-4319-9E25-04A14DEC3A50}.Release|Any CPU.ActiveCfg = Release|Any CPU
		{79D6C8DA-F3DA-4319-9E25-04A14DEC3A50}.Release|Any CPU.Build.0 = Release|Any CPU
		{79D6C8DA-F3DA-4319-9E25-04A14DEC3A50}.Release|x64.ActiveCfg = Release|Any CPU
		{79D6C8DA-F3DA-4319-9E25-04A14DEC3A50}.Release|x64.Build.0 = Release|Any CPU
		{79D6C8DA-F3DA-4319-9E25-04A14DEC3A50}.Release|x86.ActiveCfg = Release|Any CPU
		{79D6C8DA-F3DA-4319-9E25-04A14DEC3A50}.Release|x86.Build.0 = Release|Any CPU
		{A98B8D56-0867-4902-84BF-A25A38056F12}.Debug|Any CPU.ActiveCfg = Debug|Any CPU
		{A98B8D56-0867-4902-84BF-A25A38056F12}.Debug|Any CPU.Build.0 = Debug|Any CPU
		{A98B8D56-0867-4902-84BF-A25A38056F12}.Debug|x64.ActiveCfg = Debug|Any CPU
		{A98B8D56-0867-4902-84BF-A25A38056F12}.Debug|x64.Build.0 = Debug|Any CPU
		{A98B8D56-0867-4902-84BF-A25A38056F12}.Debug|x86.ActiveCfg = Debug|Any CPU
		{A98B8D56-0867-4902-84BF-A25A38056F12}.Debug|x86.Build.0 = Debug|Any CPU
		{A98B8D56-0867-4902-84BF-A25A38056F12}.Release|Any CPU.ActiveCfg = Release|Any CPU
		{A98B8D56-0867-4902-84BF-A25A38056F12}.Release|Any CPU.Build.0 = Release|Any CPU
		{A98B8D56-0867-4902-84BF-A25A38056F12}.Release|x64.ActiveCfg = Release|Any CPU
		{A98B8D56-0867-4902-84BF-A25A38056F12}.Release|x64.Build.0 = Release|Any CPU
		{A98B8D56-0867-4902-84BF-A25A38056F12}.Release|x86.ActiveCfg = Release|Any CPU
		{A98B8D56-0867-4902-84BF-A25A38056F12}.Release|x86.Build.0 = Release|Any CPU
	EndGlobalSection
	GlobalSection(NestedProjects) = preSolution
		{79D6C8DA-F3DA-4319-9E25-04A14DEC3A50} = {BB31E2EB-7BE6-4A5A-AB87-942C24557D4B}
		{A98B8D56-0867-4902-84BF-A25A38056F12} = {BB31E2EB-7BE6-4A5A-AB87-942C24557D4B}
	EndGlobalSection
EndGlobal
